
Microsoft Visual Studio Solution File, Format Version 12.00
# Visual Studio 2012
Project("{FAE04EC0-301F-11D3-BF4B-00C04F79EFBC}") = "CNDT_GoldcoastChecks_PDF", "CNDT_GoldcoastChecks_PDF\CNDT_GoldcoastChecks_PDF.csproj", "{812A08A6-37C4-4097-8C42-85DFA427698C}"
EndProject
Global
	GlobalSection(SolutionConfigurationPlatforms) = preSolution
		Debug|Any CPU = Debug|Any CPU
		Release|Any CPU = Release|Any CPU
	EndGlobalSection
	GlobalSection(ProjectConfigurationPlatforms) = postSolution
		{812A08A6-37C4-4097-8C42-85DFA427698C}.Debug|Any CPU.ActiveCfg = Debug|Any CPU
		{812A08A6-37C4-4097-8C42-85DFA427698C}.Debug|Any CPU.Build.0 = Debug|Any CPU
		{812A08A6-37C4-4097-8C42-85DFA427698C}.Release|Any CPU.ActiveCfg = Release|Any CPU
		{812A08A6-37C4-4097-8C42-85DFA427698C}.Release|Any CPU.Build.0 = Release|Any CPU
	EndGlobalSection
	GlobalSection(SolutionProperties) = preSolution
		HideSolutionNode = FALSE
	EndGlobalSection
EndGlobal
